
Microsoft Visual Studio Solution File, Format Version 12.00
# Visual Studio Version 16
VisualStudioVersion = 16.0.31702.278
MinimumVisualStudioVersion = 10.0.40219.1
Project("{FAE04EC0-301F-11D3-BF4B-00C04F79EFBC}") = "API", "API\API.csproj", "{B8763A0F-0C22-46A0-B663-7613C627C07B}"
EndProject
Global
	GlobalSection(SolutionConfigurationPlatforms) = preSolution
		Debug|Any CPU = Debug|Any CPU
		Release|Any CPU = Release|Any CPU
	EndGlobalSection
	GlobalSection(ProjectConfigurationPlatforms) = postSolution
		{B8763A0F-0C22-46A0-B663-7613C627C07B}.Debug|Any CPU.ActiveCfg = Debug|Any CPU
		{B8763A0F-0C22-46A0-B663-7613C627C07B}.Debug|Any CPU.Build.0 = Debug|Any CPU
		{B8763A0F-0C22-46A0-B663-7613C627C07B}.Release|Any CPU.ActiveCfg = Release|Any CPU
		{B8763A0F-0C22-46A0-B663-7613C627C07B}.Release|Any CPU.Build.0 = Release|Any CPU
	EndGlobalSection
	GlobalSection(SolutionProperties) = preSolution
		HideSolutionNode = FALSE
	EndGlobalSection
	GlobalSection(ExtensibilityGlobals) = postSolution
		SolutionGuid = {CF54DA71-2D75-4FB9-95D2-5B3D07E94C98}
	EndGlobalSection
EndGlobal
